
Microsoft Visual Studio Solution File, Format Version 12.00
# Visual Studio Version 17
VisualStudioVersion = 17.13.35828.75 d17.13
MinimumVisualStudioVersion = 10.0.40219.1
Project("{FAE04EC0-301F-11D3-BF4B-00C04F79EFBC}") = "SwitchRandomNumber", "SwitchRandomNumber\SwitchRandomNumber.csproj", "{17480A72-E74E-4C4D-BBE0-6096F99ED1D6}"
EndProject
Global
	GlobalSection(SolutionConfigurationPlatforms) = preSolution
		Debug|Any CPU = Debug|Any CPU
		Release|Any CPU = Release|Any CPU
	EndGlobalSection
	GlobalSection(ProjectConfigurationPlatforms) = postSolution
		{17480A72-E74E-4C4D-BBE0-6096F99ED1D6}.Debug|Any CPU.ActiveCfg = Debug|Any CPU
		{17480A72-E74E-4C4D-BBE0-6096F99ED1D6}.Debug|Any CPU.Build.0 = Debug|Any CPU
		{17480A72-E74E-4C4D-BBE0-6096F99ED1D6}.Release|Any CPU.ActiveCfg = Release|Any CPU
		{17480A72-E74E-4C4D-BBE0-6096F99ED1D6}.Release|Any CPU.Build.0 = Release|Any CPU
	EndGlobalSection
	GlobalSection(SolutionProperties) = preSolution
		HideSolutionNode = FALSE
	EndGlobalSection
	GlobalSection(ExtensibilityGlobals) = postSolution
		SolutionGuid = {CB9ECFED-BA6A-41F7-907F-B2F60852495C}
	EndGlobalSection
EndGlobal
