
Microsoft Visual Studio Solution File, Format Version 12.00
# Visual Studio Version 17
VisualStudioVersion = 17.13.35828.75 d17.13
MinimumVisualStudioVersion = 10.0.40219.1
Project("{FAE04EC0-301F-11D3-BF4B-00C04F79EFBC}") = "InheritanceAndServiceClass", "..\IKTpe25TARProgemine1\InheritanceAndServiceClass\InheritanceAndServiceClass\InheritanceAndServiceClass.csproj", "{B247157A-D01E-45E0-B135-5B0236F8C42A}"
EndProject
Project("{FAE04EC0-301F-11D3-BF4B-00C04F79EFBC}") = "InheritanceAndServiceClass.Core", "..\IKTpe25TARProgemine1\InheritanceAndServiceClass\InheritanceAndServiceClass.Core\InheritanceAndServiceClass.Core.csproj", "{58BA15B7-1A2E-4EF5-A3F0-274CC80DD454}"
EndProject
Project("{FAE04EC0-301F-11D3-BF4B-00C04F79EFBC}") = "InheritanceAndServiceClass.AppService", "..\IKTpe25TARProgemine1\InheritanceAndServiceClass\InheritanceAndServiceClass.AppService\InheritanceAndServiceClass.AppService.csproj", "{A7A79D82-F17D-4E1A-A5B3-8AF5A92D4DC8}"
EndProject
Global
	GlobalSection(SolutionConfigurationPlatforms) = preSolution
		Debug|Any CPU = Debug|Any CPU
		Release|Any CPU = Release|Any CPU
	EndGlobalSection
	GlobalSection(ProjectConfigurationPlatforms) = postSolution
		{B247157A-D01E-45E0-B135-5B0236F8C42A}.Debug|Any CPU.ActiveCfg = Debug|Any CPU
		{B247157A-D01E-45E0-B135-5B0236F8C42A}.Debug|Any CPU.Build.0 = Debug|Any CPU
		{B247157A-D01E-45E0-B135-5B0236F8C42A}.Release|Any CPU.ActiveCfg = Release|Any CPU
		{B247157A-D01E-45E0-B135-5B0236F8C42A}.Release|Any CPU.Build.0 = Release|Any CPU
		{58BA15B7-1A2E-4EF5-A3F0-274CC80DD454}.Debug|Any CPU.ActiveCfg = Debug|Any CPU
		{58BA15B7-1A2E-4EF5-A3F0-274CC80DD454}.Debug|Any CPU.Build.0 = Debug|Any CPU
		{58BA15B7-1A2E-4EF5-A3F0-274CC80DD454}.Release|Any CPU.ActiveCfg = Release|Any CPU
		{58BA15B7-1A2E-4EF5-A3F0-274CC80DD454}.Release|Any CPU.Build.0 = Release|Any CPU
		{A7A79D82-F17D-4E1A-A5B3-8AF5A92D4DC8}.Debug|Any CPU.ActiveCfg = Debug|Any CPU
		{A7A79D82-F17D-4E1A-A5B3-8AF5A92D4DC8}.Debug|Any CPU.Build.0 = Debug|Any CPU
		{A7A79D82-F17D-4E1A-A5B3-8AF5A92D4DC8}.Release|Any CPU.ActiveCfg = Release|Any CPU
		{A7A79D82-F17D-4E1A-A5B3-8AF5A92D4DC8}.Release|Any CPU.Build.0 = Release|Any CPU
	EndGlobalSection
	GlobalSection(SolutionProperties) = preSolution
		HideSolutionNode = FALSE
	EndGlobalSection
	GlobalSection(ExtensibilityGlobals) = postSolution
		SolutionGuid = {E47AEE2F-0418-4B26-8C45-63328B634479}
	EndGlobalSection
EndGlobal
